
Microsoft Visual Studio Solution File, Format Version 12.00
# Visual Studio Version 16
VisualStudioVersion = 16.0.30114.105
MinimumVisualStudioVersion = 10.0.40219.1
Project("{FAE04EC0-301F-11D3-BF4B-00C04F79EFBC}") = "yes", "yes\yes.csproj", "{6C8FBFAA-3D6A-4772-A277-9B1EA4C72456}"
EndProject
Project("{FAE04EC0-301F-11D3-BF4B-00C04F79EFBC}") = "no", "no\no.csproj", "{1AEDDBB9-3CD8-496D-8C06-68EFAEC9788C}"
EndProject
Global
	GlobalSection(SolutionConfigurationPlatforms) = preSolution
		Debug|Any CPU = Debug|Any CPU
		Debug|x64 = Debug|x64
		Debug|x86 = Debug|x86
		Release|Any CPU = Release|Any CPU
		Release|x64 = Release|x64
		Release|x86 = Release|x86
	EndGlobalSection
	GlobalSection(SolutionProperties) = preSolution
		HideSolutionNode = FALSE
	EndGlobalSection
	GlobalSection(ProjectConfigurationPlatforms) = postSolution
		{6C8FBFAA-3D6A-4772-A277-9B1EA4C72456}.Debug|Any CPU.ActiveCfg = Debug|Any CPU
		{6C8FBFAA-3D6A-4772-A277-9B1EA4C72456}.Debug|Any CPU.Build.0 = Debug|Any CPU
		{6C8FBFAA-3D6A-4772-A277-9B1EA4C72456}.Debug|x64.ActiveCfg = Debug|Any CPU
		{6C8FBFAA-3D6A-4772-A277-9B1EA4C72456}.Debug|x64.Build.0 = Debug|Any CPU
		{6C8FBFAA-3D6A-4772-A277-9B1EA4C72456}.Debug|x86.ActiveCfg = Debug|Any CPU
		{6C8FBFAA-3D6A-4772-A277-9B1EA4C72456}.Debug|x86.Build.0 = Debug|Any CPU
		{6C8FBFAA-3D6A-4772-A277-9B1EA4C72456}.Release|Any CPU.ActiveCfg = Release|Any CPU
		{6C8FBFAA-3D6A-4772-A277-9B1EA4C72456}.Release|Any CPU.Build.0 = Release|Any CPU
		{6C8FBFAA-3D6A-4772-A277-9B1EA4C72456}.Release|x64.ActiveCfg = Release|Any CPU
		{6C8FBFAA-3D6A-4772-A277-9B1EA4C72456}.Release|x64.Build.0 = Release|Any CPU
		{6C8FBFAA-3D6A-4772-A277-9B1EA4C72456}.Release|x86.ActiveCfg = Release|Any CPU
		{6C8FBFAA-3D6A-4772-A277-9B1EA4C72456}.Release|x86.Build.0 = Release|Any CPU
		{1AEDDBB9-3CD8-496D-8C06-68EFAEC9788C}.Debug|Any CPU.ActiveCfg = Debug|Any CPU
		{1AEDDBB9-3CD8-496D-8C06-68EFAEC9788C}.Debug|Any CPU.Build.0 = Debug|Any CPU
		{1AEDDBB9-3CD8-496D-8C06-68EFAEC9788C}.Debug|x64.ActiveCfg = Debug|Any CPU
		{1AEDDBB9-3CD8-496D-8C06-68EFAEC9788C}.Debug|x64.Build.0 = Debug|Any CPU
		{1AEDDBB9-3CD8-496D-8C06-68EFAEC9788C}.Debug|x86.ActiveCfg = Debug|Any CPU
		{1AEDDBB9-3CD8-496D-8C06-68EFAEC9788C}.Debug|x86.Build.0 = Debug|Any CPU
		{1AEDDBB9-3CD8-496D-8C06-68EFAEC9788C}.Release|Any CPU.ActiveCfg = Release|Any CPU
		{1AEDDBB9-3CD8-496D-8C06-68EFAEC9788C}.Release|Any CPU.Build.0 = Release|Any CPU
		{1AEDDBB9-3CD8-496D-8C06-68EFAEC9788C}.Release|x64.ActiveCfg = Release|Any CPU
		{1AEDDBB9-3CD8-496D-8C06-68EFAEC9788C}.Release|x64.Build.0 = Release|Any CPU
		{1AEDDBB9-3CD8-496D-8C06-68EFAEC9788C}.Release|x86.ActiveCfg = Release|Any CPU
		{1AEDDBB9-3CD8-496D-8C06-68EFAEC9788C}.Release|x86.Build.0 = Release|Any CPU
	EndGlobalSection
EndGlobal
